// !$*UTF8*$!
{
	archiveVersion = 1;
	classes = {
	};
	objectVersion = 77;
	objects = {

/* Begin PBXContainerItemProxy section */
		2A41B4102DCB556200EC69AE /* PBXContainerItemProxy */ = {
			isa = PBXContainerItemProxy;
			containerPortal = 2A41B3FA2DCB556000EC69AE /* Project object */;
			proxyType = 1;
			remoteGlobalIDString = 2A41B4012DCB556000EC69AE;
			remoteInfo = "XCTest Tutorial 1";
		};
		2A41B41A2DCB556200EC69AE /* PBXContainerItemProxy */ = {
			isa = PBXContainerItemProxy;
			containerPortal = 2A41B3FA2DCB556000EC69AE /* Project object */;
			proxyType = 1;
			remoteGlobalIDString = 2A41B4012DCB556000EC69AE;
			remoteInfo = "XCTest Tutorial 1";
		};
/* End PBXContainerItemProxy section */

/* Begin PBXFileReference section */
		2A41B4022DCB556000EC69AE /* XCTest Tutorial 1.app */ = {isa = PBXFileReference; explicitFileType = wrapper.application; includeInIndex = 0; path = "XCTest Tutorial 1.app"; sourceTree = BUILT_PRODUCTS_DIR; };
		2A41B40F2DCB556200EC69AE /* XCTest Tutorial 1Tests.xctest */ = {isa = PBXFileReference; explicitFileType = wrapper.cfbundle; includeInIndex = 0; path = "XCTest Tutorial 1Tests.xctest"; sourceTree = BUILT_PRODUCTS_DIR; };
		2A41B4192DCB556200EC69AE /* XCTest Tutorial 1UITests.xctest */ = {isa = PBXFileReference; explicitFileType = wrapper.cfbundle; includeInIndex = 0; path = "XCTest Tutorial 1UITests.xctest"; sourceTree = BUILT_PRODUCTS_DIR; };
/* End PBXFileReference section */

/* Begin PBXFileSystemSynchronizedRootGroup section */
		2A41B4042DCB556000EC69AE /* XCTest Tutorial 1 */ = {
			isa = PBXFileSystemSynchronizedRootGroup;
			path = "XCTest Tutorial 1";
			sourceTree = "<group>";
		};
		2A41B4122DCB556200EC69AE /* XCTest Tutorial 1Tests */ = {
			isa = PBXFileSystemSynchronizedRootGroup;
			path = "XCTest Tutorial 1Tests";
			sourceTree = "<group>";
		};
		2A41B41C2DCB556200EC69AE /* XCTest Tutorial 1UITests */ = {
			isa = PBXFileSystemSynchronizedRootGroup;
			path = "XCTest Tutorial 1UITests";
			sourceTree = "<group>";
		};
/* End PBXFileSystemSynchronizedRootGroup section */

/* Begin PBXFrameworksBuildPhase section */
		2A41B3FF2DCB556000EC69AE /* Frameworks */ = {
			isa = PBXFrameworksBuildPhase;
			buildActionMask = 2147483647;
			files = (
			);
			runOnlyForDeploymentPostprocessing = 0;
		};
		2A41B40C2DCB556200EC69AE /* Frameworks */ = {
			isa = PBXFrameworksBuildPhase;
			buildActionMask = 2147483647;
			files = (
			);
			runOnlyForDeploymentPostprocessing = 0;
		};
		2A41B4162DCB556200EC69AE /* Frameworks */ = {
			isa = PBXFrameworksBuildPhase;
			buildActionMask = 2147483647;
			files = (
			);
			runOnlyForDeploymentPostprocessing = 0;
		};
/* End PBXFrameworksBuildPhase section */

/* Begin PBXGroup section */
		2A41B3F92DCB556000EC69AE = {
			isa = PBXGroup;
			children = (
				2A41B4042DCB556000EC69AE /* XCTest Tutorial 1 */,
				2A41B4122DCB556200EC69AE /* XCTest Tutorial 1Tests */,
				2A41B41C2DCB556200EC69AE /* XCTest Tutorial 1UITests */,
				2A41B4032DCB556000EC69AE /* Products */,
			);
			sourceTree = "<group>";
		};
		2A41B4032DCB556000EC69AE /* Products */ = {
			isa = PBXGroup;
			children = (
				2A41B4022DCB556000EC69AE /* XCTest Tutorial 1.app */,
				2A41B40F2DCB556200EC69AE /* XCTest Tutorial 1Tests.xctest */,
				2A41B4192DCB556200EC69AE /* XCTest Tutorial 1UITests.xctest */,
			);
			name = Products;
			sourceTree = "<group>";
		};
/* End PBXGroup section */

/* Begin PBXNativeTarget section */
		2A41B4012DCB556000EC69AE /* XCTest Tutorial 1 */ = {
			isa = PBXNativeTarget;
			buildConfigurationList = 2A41B4232DCB556200EC69AE /* Build configuration list for PBXNativeTarget "XCTest Tutorial 1" */;
			buildPhases = (
				2A41B3FE2DCB556000EC69AE /* Sources */,
				2A41B3FF2DCB556000EC69AE /* Frameworks */,
				2A41B4002DCB556000EC69AE /* Resources */,
			);
			buildRules = (
			);
			dependencies = (
			);
			fileSystemSynchronizedGroups = (
				2A41B4042DCB556000EC69AE /* XCTest Tutorial 1 */,
			);
			name = "XCTest Tutorial 1";
			packageProductDependencies = (
			);
			productName = "XCTest Tutorial 1";
			productReference = 2A41B4022DCB556000EC69AE /* XCTest Tutorial 1.app */;
			productType = "com.apple.product-type.application";
		};
		2A41B40E2DCB556200EC69AE /* XCTest Tutorial 1Tests */ = {
			isa = PBXNativeTarget;
			buildConfigurationList = 2A41B4262DCB556200EC69AE /* Build configuration list for PBXNativeTarget "XCTest Tutorial 1Tests" */;
			buildPhases = (
				2A41B40B2DCB556200EC69AE /* Sources */,
				2A41B40C2DCB556200EC69AE /* Frameworks */,
				2A41B40D2DCB556200EC69AE /* Resources */,
			);
			buildRules = (
			);
			dependencies = (
				2A41B4112DCB556200EC69AE /* PBXTargetDependency */,
			);
			fileSystemSynchronizedGroups = (
				2A41B4122DCB556200EC69AE /* XCTest Tutorial 1Tests */,
			);
			name = "XCTest Tutorial 1Tests";
			packageProductDependencies = (
			);
			productName = "XCTest Tutorial 1Tests";
			productReference = 2A41B40F2DCB556200EC69AE /* XCTest Tutorial 1Tests.xctest */;
			productType = "com.apple.product-type.bundle.unit-test";
		};
		2A41B4182DCB556200EC69AE /* XCTest Tutorial 1UITests */ = {
			isa = PBXNativeTarget;
			buildConfigurationList = 2A41B4292DCB556200EC69AE /* Build configuration list for PBXNativeTarget "XCTest Tutorial 1UITests" */;
			buildPhases = (
				2A41B4152DCB556200EC69AE /* Sources */,
				2A41B4162DCB556200EC69AE /* Frameworks */,
				2A41B4172DCB556200EC69AE /* Resources */,
			);
			buildRules = (
			);
			dependencies = (
				2A41B41B2DCB556200EC69AE /* PBXTargetDependency */,
			);
			fileSystemSynchronizedGroups = (
				2A41B41C2DCB556200EC69AE /* XCTest Tutorial 1UITests */,
			);
			name = "XCTest Tutorial 1UITests";
			packageProductDependencies = (
			);
			productName = "XCTest Tutorial 1UITests";
			productReference = 2A41B4192DCB556200EC69AE /* XCTest Tutorial 1UITests.xctest */;
			productType = "com.apple.product-type.bundle.ui-testing";
		};
/* End PBXNativeTarget section */

/* Begin PBXProject section */
		2A41B3FA2DCB556000EC69AE /* Project object */ = {
			isa = PBXProject;
			attributes = {
				BuildIndependentTargetsInParallel = 1;
				LastSwiftUpdateCheck = 1630;
				LastUpgradeCheck = 1630;
				TargetAttributes = {
					2A41B4012DCB556000EC69AE = {
						CreatedOnToolsVersion = 16.3;
					};
					2A41B40E2DCB556200EC69AE = {
						CreatedOnToolsVersion = 16.3;
						TestTargetID = 2A41B4012DCB556000EC69AE;
					};
					2A41B4182DCB556200EC69AE = {
						CreatedOnToolsVersion = 16.3;
						TestTargetID = 2A41B4012DCB556000EC69AE;
					};
				};
			};
			buildConfigurationList = 2A41B3FD2DCB556000EC69AE /* Build configuration list for PBXProject "XCTest Tutorial 1" */;
			developmentRegion = en;
			hasScannedForEncodings = 0;
			knownRegions = (
				en,
				Base,
			);
			mainGroup = 2A41B3F92DCB556000EC69AE;
			minimizedProjectReferenceProxies = 1;
			preferredProjectObjectVersion = 77;
			productRefGroup = 2A41B4032DCB556000EC69AE /* Products */;
			projectDirPath = "";
			projectRoot = "";
			targets = (
				2A41B4012DCB556000EC69AE /* XCTest Tutorial 1 */,
				2A41B40E2DCB556200EC69AE /* XCTest Tutorial 1Tests */,
				2A41B4182DCB556200EC69AE /* XCTest Tutorial 1UITests */,
			);
		};
/* End PBXProject section */

/* Begin PBXResourcesBuildPhase section */
		2A41B4002DCB556000EC69AE /* Resources */ = {
			isa = PBXResourcesBuildPhase;
			buildActionMask = 2147483647;
			files = (
			);
			runOnlyForDeploymentPostprocessing = 0;
		};
		2A41B40D2DCB556200EC69AE /* Resources */ = {
			isa = PBXResourcesBuildPhase;
			buildActionMask = 2147483647;
			files = (
			);
			runOnlyForDeploymentPostprocessing = 0;
		};
		2A41B4172DCB556200EC69AE /* Resources */ = {
			isa = PBXResourcesBuildPhase;
			buildActionMask = 2147483647;
			files = (
			);
			runOnlyForDeploymentPostprocessing = 0;
		};
/* End PBXResourcesBuildPhase section */

/* Begin PBXSourcesBuildPhase section */
		2A41B3FE2DCB556000EC69AE /* Sources */ = {
			isa = PBXSourcesBuildPhase;
			buildActionMask = 2147483647;
			files = (
			);
			runOnlyForDeploymentPostprocessing = 0;
		};
		2A41B40B2DCB556200EC69AE /* Sources */ = {
			isa = PBXSourcesBuildPhase;
			buildActionMask = 2147483647;
			files = (
			);
			runOnlyForDeploymentPostprocessing = 0;
		};
		2A41B4152DCB556200EC69AE /* Sources */ = {
			isa = PBXSourcesBuildPhase;
			buildActionMask = 2147483647;
			files = (
			);
			runOnlyForDeploymentPostprocessing = 0;
		};
/* End PBXSourcesBuildPhase section */

/* Begin PBXTargetDependency section */
		2A41B4112DCB556200EC69AE /* PBXTargetDependency */ = {
			isa = PBXTargetDependency;
			target = 2A41B4012DCB556000EC69AE /* XCTest Tutorial 1 */;
			targetProxy = 2A41B4102DCB556200EC69AE /* PBXContainerItemProxy */;
		};
		2A41B41B2DCB556200EC69AE /* PBXTargetDependency */ = {
			isa = PBXTargetDependency;
			target = 2A41B4012DCB556000EC69AE /* XCTest Tutorial 1 */;
			targetProxy = 2A41B41A2DCB556200EC69AE /* PBXContainerItemProxy */;
		};
/* End PBXTargetDependency section */

/* Begin XCBuildConfiguration section */
		2A41B4212DCB556200EC69AE /* Debug */ = {
			isa = XCBuildConfiguration;
			buildSettings = {
				ALWAYS_SEARCH_USER_PATHS = NO;
				ASSETCATALOG_COMPILER_GENERATE_SWIFT_ASSET_SYMBOL_EXTENSIONS = YES;
				CLANG_ANALYZER_NONNULL = YES;
				CLANG_ANALYZER_NUMBER_OBJECT_CONVERSION = YES_AGGRESSIVE;
				CLANG_CXX_LANGUAGE_STANDARD = "gnu++20";
				CLANG_ENABLE_MODULES = YES;
				CLANG_ENABLE_OBJC_ARC = YES;
				CLANG_ENABLE_OBJC_WEAK = YES;
				CLANG_WARN_BLOCK_CAPTURE_AUTORELEASING = YES;
				CLANG_WARN_BOOL_CONVERSION = YES;
				CLANG_WARN_COMMA = YES;
				CLANG_WARN_CONSTANT_CONVERSION = YES;
				CLANG_WARN_DEPRECATED_OBJC_IMPLEMENTATIONS = YES;
				CLANG_WARN_DIRECT_OBJC_ISA_USAGE = YES_ERROR;
				CLANG_WARN_DOCUMENTATION_COMMENTS = YES;
				CLANG_WARN_EMPTY_BODY = YES;
				CLANG_WARN_ENUM_CONVERSION = YES;
				CLANG_WARN_INFINITE_RECURSION = YES;
				CLANG_WARN_INT_CONVERSION = YES;
				CLANG_WARN_NON_LITERAL_NULL_CONVERSION = YES;
				CLANG_WARN_OBJC_IMPLICIT_RETAIN_SELF = YES;
				CLANG_WARN_OBJC_LITERAL_CONVERSION = YES;
				CLANG_WARN_OBJC_ROOT_CLASS = YES_ERROR;
				CLANG_WARN_QUOTED_INCLUDE_IN_FRAMEWORK_HEADER = YES;
				CLANG_WARN_RANGE_LOOP_ANALYSIS = YES;
				CLANG_WARN_STRICT_PROTOTYPES = YES;
				CLANG_WARN_SUSPICIOUS_MOVE = YES;
				CLANG_WARN_UNGUARDED_AVAILABILITY = YES_AGGRESSIVE;
				CLANG_WARN_UNREACHABLE_CODE = YES;
				CLANG_WARN__DUPLICATE_METHOD_MATCH = YES;
				COPY_PHASE_STRIP = NO;
				DEBUG_INFORMATION_FORMAT = dwarf;
				DEVELOPMENT_TEAM = QLY2FJKYY5;
				ENABLE_STRICT_OBJC_MSGSEND = YES;
				ENABLE_TESTABILITY = YES;
				ENABLE_USER_SCRIPT_SANDBOXING = YES;
				GCC_C_LANGUAGE_STANDARD = gnu17;
				GCC_DYNAMIC_NO_PIC = NO;
				GCC_NO_COMMON_BLOCKS = YES;
				GCC_OPTIMIZATION_LEVEL = 0;
				GCC_PREPROCESSOR_DEFINITIONS = (
					"DEBUG=1",
					"$(inherited)",
				);
				GCC_WARN_64_TO_32_BIT_CONVERSION = YES;
				GCC_WARN_ABOUT_RETURN_TYPE = YES_ERROR;
				GCC_WARN_UNDECLARED_SELECTOR = YES;
				GCC_WARN_UNINITIALIZED_AUTOS = YES_AGGRESSIVE;
				GCC_WARN_UNUSED_FUNCTION = YES;
				GCC_WARN_UNUSED_VARIABLE = YES;
				IPHONEOS_DEPLOYMENT_TARGET = 18.4;
				LOCALIZATION_PREFERS_STRING_CATALOGS = YES;
				MTL_ENABLE_DEBUG_INFO = INCLUDE_SOURCE;
				MTL_FAST_MATH = YES;
				ONLY_ACTIVE_ARCH = YES;
				SDKROOT = iphoneos;
				SWIFT_ACTIVE_COMPILATION_CONDITIONS = "DEBUG $(inherited)";
				SWIFT_OPTIMIZATION_LEVEL = "-Onone";
			};
			name = Debug;
		};
		2A41B4222DCB556200EC69AE /* Release */ = {
			isa = XCBuildConfiguration;
			buildSettings = {
				ALWAYS_SEARCH_USER_PATHS = NO;
				ASSETCATALOG_COMPILER_GENERATE_SWIFT_ASSET_SYMBOL_EXTENSIONS = YES;
				CLANG_ANALYZER_NONNULL = YES;
				CLANG_ANALYZER_NUMBER_OBJECT_CONVERSION = YES_AGGRESSIVE;
				CLANG_CXX_LANGUAGE_STANDARD = "gnu++20";
				CLANG_ENABLE_MODULES = YES;
				CLANG_ENABLE_OBJC_ARC = YES;
				CLANG_ENABLE_OBJC_WEAK = YES;
				CLANG_WARN_BLOCK_CAPTURE_AUTORELEASING = YES;
				CLANG_WARN_BOOL_CONVERSION = YES;
				CLANG_WARN_COMMA = YES;
				CLANG_WARN_CONSTANT_CONVERSION = YES;
				CLANG_WARN_DEPRECATED_OBJC_IMPLEMENTATIONS = YES;
				CLANG_WARN_DIRECT_OBJC_ISA_USAGE = YES_ERROR;
				CLANG_WARN_DOCUMENTATION_COMMENTS = YES;
				CLANG_WARN_EMPTY_BODY = YES;
				CLANG_WARN_ENUM_CONVERSION = YES;
				CLANG_WARN_INFINITE_RECURSION = YES;
				CLANG_WARN_INT_CONVERSION = YES;
				CLANG_WARN_NON_LITERAL_NULL_CONVERSION = YES;
				CLANG_WARN_OBJC_IMPLICIT_RETAIN_SELF = YES;
				CLANG_WARN_OBJC_LITERAL_CONVERSION = YES;
				CLANG_WARN_OBJC_ROOT_CLASS = YES_ERROR;
				CLANG_WARN_QUOTED_INCLUDE_IN_FRAMEWORK_HEADER = YES;
				CLANG_WARN_RANGE_LOOP_ANALYSIS = YES;
				CLANG_WARN_STRICT_PROTOTYPES = YES;
				CLANG_WARN_SUSPICIOUS_MOVE = YES;
				CLANG_WARN_UNGUARDED_AVAILABILITY = YES_AGGRESSIVE;
				CLANG_WARN_UNREACHABLE_CODE = YES;
				CLANG_WARN__DUPLICATE_METHOD_MATCH = YES;
				COPY_PHASE_STRIP = NO;
				DEBUG_INFORMATION_FORMAT = "dwarf-with-dsym";
				DEVELOPMENT_TEAM = QLY2FJKYY5;
				ENABLE_NS_ASSERTIONS = NO;
				ENABLE_STRICT_OBJC_MSGSEND = YES;
				ENABLE_USER_SCRIPT_SANDBOXING = YES;
				GCC_C_LANGUAGE_STANDARD = gnu17;
				GCC_NO_COMMON_BLOCKS = YES;
				GCC_WARN_64_TO_32_BIT_CONVERSION = YES;
				GCC_WARN_ABOUT_RETURN_TYPE = YES_ERROR;
				GCC_WARN_UNDECLARED_SELECTOR = YES;
				GCC_WARN_UNINITIALIZED_AUTOS = YES_AGGRESSIVE;
				GCC_WARN_UNUSED_FUNCTION = YES;
				GCC_WARN_UNUSED_VARIABLE = YES;
				IPHONEOS_DEPLOYMENT_TARGET = 18.4;
				LOCALIZATION_PREFERS_STRING_CATALOGS = YES;
				MTL_ENABLE_DEBUG_INFO = NO;
				MTL_FAST_MATH = YES;
				SDKROOT = iphoneos;
				SWIFT_COMPILATION_MODE = wholemodule;
				VALIDATE_PRODUCT = YES;
			};
			name = Release;
		};
		2A41B4242DCB556200EC69AE /* Debug */ = {
			isa = XCBuildConfiguration;
			buildSettings = {
				ASSETCATALOG_COMPILER_APPICON_NAME = AppIcon;
				ASSETCATALOG_COMPILER_GLOBAL_ACCENT_COLOR_NAME = AccentColor;
				CODE_SIGN_STYLE = Automatic;
				CURRENT_PROJECT_VERSION = 1;
				DEVELOPMENT_TEAM = QLY2FJKYY5;
				ENABLE_PREVIEWS = YES;
				GENERATE_INFOPLIST_FILE = YES;
				INFOPLIST_KEY_UIApplicationSceneManifest_Generation = YES;
				INFOPLIST_KEY_UIApplicationSupportsIndirectInputEvents = YES;
				INFOPLIST_KEY_UILaunchScreen_Generation = YES;
				INFOPLIST_KEY_UISupportedInterfaceOrientations_iPad = "UIInterfaceOrientationPortrait UIInterfaceOrientationPortraitUpsideDown UIInterfaceOrientationLandscapeLeft UIInterfaceOrientationLandscapeRight";
				INFOPLIST_KEY_UISupportedInterfaceOrientations_iPhone = "UIInterfaceOrientationPortrait UIInterfaceOrientationLandscapeLeft UIInterfaceOrientationLandscapeRight";
				LD_RUNPATH_SEARCH_PATHS = (
					"$(inherited)",
					"@executable_path/Frameworks",
				);
				MARKETING_VERSION = 1.0;
				PRODUCT_BUNDLE_IDENTIFIER = "project.XCTest-Tutorial-1";
				PRODUCT_NAME = "$(TARGET_NAME)";
				SWIFT_EMIT_LOC_STRINGS = YES;
				SWIFT_VERSION = 5.0;
				TARGETED_DEVICE_FAMILY = "1,2";
			};
			name = Debug;
		};
		2A41B4252DCB556200EC69AE /* Release */ = {
			isa = XCBuildConfiguration;
			buildSettings = {
				ASSETCATALOG_COMPILER_APPICON_NAME = AppIcon;
				ASSETCATALOG_COMPILER_GLOBAL_ACCENT_COLOR_NAME = AccentColor;
				CODE_SIGN_STYLE = Automatic;
				CURRENT_PROJECT_VERSION = 1;
				DEVELOPMENT_TEAM = QLY2FJKYY5;
				ENABLE_PREVIEWS = YES;
				GENERATE_INFOPLIST_FILE = YES;
				INFOPLIST_KEY_UIApplicationSceneManifest_Generation = YES;
				INFOPLIST_KEY_UIApplicationSupportsIndirectInputEvents = YES;
				INFOPLIST_KEY_UILaunchScreen_Generation = YES;
				INFOPLIST_KEY_UISupportedInterfaceOrientations_iPad = "UIInterfaceOrientationPortrait UIInterfaceOrientationPortraitUpsideDown UIInterfaceOrientationLandscapeLeft UIInterfaceOrientationLandscapeRight";
				INFOPLIST_KEY_UISupportedInterfaceOrientations_iPhone = "UIInterfaceOrientationPortrait UIInterfaceOrientationLandscapeLeft UIInterfaceOrientationLandscapeRight";
				LD_RUNPATH_SEARCH_PATHS = (
					"$(inherited)",
					"@executable_path/Frameworks",
				);
				MARKETING_VERSION = 1.0;
				PRODUCT_BUNDLE_IDENTIFIER = "project.XCTest-Tutorial-1";
				PRODUCT_NAME = "$(TARGET_NAME)";
				SWIFT_EMIT_LOC_STRINGS = YES;
				SWIFT_VERSION = 5.0;
				TARGETED_DEVICE_FAMILY = "1,2";
			};
			name = Release;
		};
		2A41B4272DCB556200EC69AE /* Debug */ = {
			isa = XCBuildConfiguration;
			buildSettings = {
				BUNDLE_LOADER = "$(TEST_HOST)";
				CODE_SIGN_STYLE = Automatic;
				CURRENT_PROJECT_VERSION = 1;
				DEVELOPMENT_TEAM = QLY2FJKYY5;
				GENERATE_INFOPLIST_FILE = YES;
				IPHONEOS_DEPLOYMENT_TARGET = 18.4;
				MARKETING_VERSION = 1.0;
				PRODUCT_BUNDLE_IDENTIFIER = "project.XCTest-Tutorial-1Tests";
				PRODUCT_NAME = "$(TARGET_NAME)";
				SWIFT_EMIT_LOC_STRINGS = NO;
				SWIFT_VERSION = 5.0;
				TARGETED_DEVICE_FAMILY = "1,2";
				TEST_HOST = "$(BUILT_PRODUCTS_DIR)/XCTest Tutorial 1.app/$(BUNDLE_EXECUTABLE_FOLDER_PATH)/XCTest Tutorial 1";
			};
			name = Debug;
		};
		2A41B4282DCB556200EC69AE /* Release */ = {
			isa = XCBuildConfiguration;
			buildSettings = {
				BUNDLE_LOADER = "$(TEST_HOST)";
				CODE_SIGN_STYLE = Automatic;
				CURRENT_PROJECT_VERSION = 1;
				DEVELOPMENT_TEAM = QLY2FJKYY5;
				GENERATE_INFOPLIST_FILE = YES;
				IPHONEOS_DEPLOYMENT_TARGET = 18.4;
				MARKETING_VERSION = 1.0;
				PRODUCT_BUNDLE_IDENTIFIER = "project.XCTest-Tutorial-1Tests";
				PRODUCT_NAME = "$(TARGET_NAME)";
				SWIFT_EMIT_LOC_STRINGS = NO;
				SWIFT_VERSION = 5.0;
				TARGETED_DEVICE_FAMILY = "1,2";
				TEST_HOST = "$(BUILT_PRODUCTS_DIR)/XCTest Tutorial 1.app/$(BUNDLE_EXECUTABLE_FOLDER_PATH)/XCTest Tutorial 1";
			};
			name = Release;
		};
		2A41B42A2DCB556200EC69AE /* Debug */ = {
			isa = XCBuildConfiguration;
			buildSettings = {
				CODE_SIGN_STYLE = Automatic;
				CURRENT_PROJECT_VERSION = 1;
				DEVELOPMENT_TEAM = QLY2FJKYY5;
				GENERATE_INFOPLIST_FILE = YES;
				MARKETING_VERSION = 1.0;
				PRODUCT_BUNDLE_IDENTIFIER = "project.XCTest-Tutorial-1UITests";
				PRODUCT_NAME = "$(TARGET_NAME)";
				SWIFT_EMIT_LOC_STRINGS = NO;
				SWIFT_VERSION = 5.0;
				TARGETED_DEVICE_FAMILY = "1,2";
				TEST_TARGET_NAME = "XCTest Tutorial 1";
			};
			name = Debug;
		};
		2A41B42B2DCB556200EC69AE /* Release */ = {
			isa = XCBuildConfiguration;
			buildSettings = {
				CODE_SIGN_STYLE = Automatic;
				CURRENT_PROJECT_VERSION = 1;
				DEVELOPMENT_TEAM = QLY2FJKYY5;
				GENERATE_INFOPLIST_FILE = YES;
				MARKETING_VERSION = 1.0;
				PRODUCT_BUNDLE_IDENTIFIER = "project.XCTest-Tutorial-1UITests";
				PRODUCT_NAME = "$(TARGET_NAME)";
				SWIFT_EMIT_LOC_STRINGS = NO;
				SWIFT_VERSION = 5.0;
				TARGETED_DEVICE_FAMILY = "1,2";
				TEST_TARGET_NAME = "XCTest Tutorial 1";
			};
			name = Release;
		};
/* End XCBuildConfiguration section */

/* Begin XCConfigurationList section */
		2A41B3FD2DCB556000EC69AE /* Build configuration list for PBXProject "XCTest Tutorial 1" */ = {
			isa = XCConfigurationList;
			buildConfigurations = (
				2A41B4212DCB556200EC69AE /* Debug */,
				2A41B4222DCB556200EC69AE /* Release */,
			);
			defaultConfigurationIsVisible = 0;
			defaultConfigurationName = Release;
		};
		2A41B4232DCB556200EC69AE /* Build configuration list for PBXNativeTarget "XCTest Tutorial 1" */ = {
			isa = XCConfigurationList;
			buildConfigurations = (
				2A41B4242DCB556200EC69AE /* Debug */,
				2A41B4252DCB556200EC69AE /* Release */,
			);
			defaultConfigurationIsVisible = 0;
			defaultConfigurationName = Release;
		};
		2A41B4262DCB556200EC69AE /* Build configuration list for PBXNativeTarget "XCTest Tutorial 1Tests" */ = {
			isa = XCConfigurationList;
			buildConfigurations = (
				2A41B4272DCB556200EC69AE /* Debug */,
				2A41B4282DCB556200EC69AE /* Release */,
			);
			defaultConfigurationIsVisible = 0;
			defaultConfigurationName = Release;
		};
		2A41B4292DCB556200EC69AE /* Build configuration list for PBXNativeTarget "XCTest Tutorial 1UITests" */ = {
			isa = XCConfigurationList;
			buildConfigurations = (
				2A41B42A2DCB556200EC69AE /* Debug */,
				2A41B42B2DCB556200EC69AE /* Release */,
			);
			defaultConfigurationIsVisible = 0;
			defaultConfigurationName = Release;
		};
/* End XCConfigurationList section */
	};
	rootObject = 2A41B3FA2DCB556000EC69AE /* Project object */;
}
